encore.dev v1.46.1 h1:IGUpqPm600xAiJqMVcnaNiWya14yAH5imFwzGnFReaA=
encore.dev v1.46.1/go.mod h1:XdWK6bKKAVzutmOKpC5qzalDQJLNfRCF/YCgA7OUZ3E=
github.com/mitchellh/mapstructure v1.5.0 h1:jeMsZIYE/09sWLaz43PL7Gy6RuMjD2eJVyuac5Z2hdY=
github.com/mitchellh/mapstructure v1.5.0/go.mod h1:bFUtVrKA4DC2yAKiSyO/QUcy7e+RRV2QTWOzhPopBRo=
go.temporal.io/sdk v1.32.1 h1:slA8prhdFr4lxpsTcRusWVitD/cGjELfKUh0mBj73SU=
go.temporal.io/sdk v1.32.1/go.mod h1:8U8H7rF9u4Hyb4Ry9yiEls5716DHPNvVITPNkgWUwE8=
